# This file is automatically @generated by Cargo.
# It is not intended for manual editing.
version = 4

[[package]]
name = "use-contrast"
version = "0.1.0"
dependencies = [
 "use-luminance",
 "use-rgb",
]

[[package]]
name = "use-hex-color"
version = "0.1.0"
dependencies = [
 "use-rgb",
]

[[package]]
name = "use-hsl"
version = "0.1.0"
dependencies = [
 "use-rgb",
]

[[package]]
name = "use-luminance"
version = "0.1.0"
dependencies = [
 "use-rgb",
]

[[package]]
name = "use-rgb"
version = "0.1.0"
